lockfileVersion: 5.4

specifiers:
  json-schema-to-ts: ^2.7.2
  typescript: ^4.9.5

dependencies:
  json-schema-to-ts: 2.7.2
  typescript: 4.9.5

packages:

  /@babel/runtime/7.21.0:
    resolution: {integrity: sha512-xwII0//EObnq89Ji5AKYQaRYiW/nZ3llSv29d49IuxPhKbtJoLP+9QUUZ4nVragQVtaVGeZrpB+ZtG/Pdy/POw==}
    engines: {node: '>=6.9.0'}
    dependencies:
      regenerator-runtime: 0.13.11
    dev: false

  /@types/json-schema/7.0.11:
    resolution: {integrity: sha512-wOuvG1SN4Us4rez+tylwwwCV1psiNVOkJeM3AUWUNWg/jDQY2+HE/444y5gc+jBmRqASOm2Oeh5c1axHobwRKQ==}
    dev: false

  /json-schema-to-ts/2.7.2:
    resolution: {integrity: sha512-R1JfqKqbBR4qE8UyBR56Ms30LL62/nlhoz+1UkfI/VE7p54Awu919FZ6ZUPG8zIa3XB65usPJgr1ONVncUGSaQ==}
    engines: {node: '>=16'}
    dependencies:
      '@babel/runtime': 7.21.0
      '@types/json-schema': 7.0.11
      ts-algebra: 1.2.0
    dev: false

  /regenerator-runtime/0.13.11:
    resolution: {integrity: sha512-kY1AZVr2Ra+t+piVaJ4gxaFaReZVH40AKNo7UCX6W+dEwBo/2oZJzqfuN1qLq1oL45o56cPaTXELwrTh8Fpggg==}
    dev: false

  /ts-algebra/1.2.0:
    resolution: {integrity: sha512-kMuJJd8B2N/swCvIvn1hIFcIOrLGbWl9m/J6O3kHx9VRaevh00nvgjPiEGaRee7DRaAczMYR2uwWvXU22VFltw==}
    dev: false

  /typescript/4.9.5:
    resolution: {integrity: sha512-1FXk9E2Hm+QzZQ7z+McJiHL4NW1F2EzMu9Nq9i3zAaGqibafqYwCVU6WyWAuyQRRzOlxou8xZSyXLEN8oKj24g==}
    engines: {node: '>=4.2.0'}
    hasBin: true
    dev: false
